
Microsoft Visual Studio Solution File, Format Version 12.00
# Visual Studio Version 16
VisualStudioVersion = 16.0.31321.278
MinimumVisualStudioVersion = 10.0.40219.1
Project("{FAE04EC0-301F-11D3-BF4B-00C04F79EFBC}") = "Uplift", "Uplift\Uplift.csproj", "{44C2160C-174A-4F8B-A650-C4E871DD7327}"
EndProject
Global
	GlobalSection(SolutionConfigurationPlatforms) = preSolution
		Debug|Any CPU = Debug|Any CPU
		Release|Any CPU = Release|Any CPU
	EndGlobalSection
	GlobalSection(ProjectConfigurationPlatforms) = postSolution
		{44C2160C-174A-4F8B-A650-C4E871DD7327}.Debug|Any CPU.ActiveCfg = Debug|Any CPU
		{44C2160C-174A-4F8B-A650-C4E871DD7327}.Debug|Any CPU.Build.0 = Debug|Any CPU
		{44C2160C-174A-4F8B-A650-C4E871DD7327}.Release|Any CPU.ActiveCfg = Release|Any CPU
		{44C2160C-174A-4F8B-A650-C4E871DD7327}.Release|Any CPU.Build.0 = Release|Any CPU
	EndGlobalSection
	GlobalSection(SolutionProperties) = preSolution
		HideSolutionNode = FALSE
	EndGlobalSection
	GlobalSection(ExtensibilityGlobals) = postSolution
		SolutionGuid = {F6271ACA-CB38-4DE0-9A5B-0DD9B7D5EE59}
	EndGlobalSection
EndGlobal
